<?xml version="1.0" encoding="UTF-8"?>
<!DOCTYPE plist PUBLIC "-//Apple//DTD PLIST 1.0//EN" "http://www.apple.com/DTDs/PropertyList-1.0.dtd">
<plist version="1.0">
<dict>
	<key>archiveVersion</key>
	<string>1</string>
	<key>classes</key>
	<dict/>
	<key>objectVersion</key>
	<string>56</string>
	<key>objects</key>
	<dict>
		<key>085827B649F7606E862BCEEB</key>
		<dict>
			<key>isa</key>
			<string>XCLocalSwiftPackageReference</string>
			<key>relativePath</key>
			<string>packages/TrackpadCore</string>
		</dict>
		<key>C059CA6C5FA0B80CF027FC0E</key>
		<dict>
			<key>isa</key>
			<string>PBXFileReference</string>
			<key>lastKnownFileType</key>
			<string>sourcecode.swift</string>
			<key>path</key>
			<string>apps/ios/MobileModel.swift</string>
			<key>sourceTree</key>
			<string>&lt;group&gt;</string>
		</dict>
		<key>091828F97572B635A596A83A</key>
		<dict>
			<key>isa</key>
			<string>PBXBuildFile</string>
			<key>fileRef</key>
			<string>C059CA6C5FA0B80CF027FC0E</string>
		</dict>
		<key>31433DA3FD9C109FC8C2E61F</key>
		<dict>
			<key>isa</key>
			<string>PBXFileReference</string>
			<key>lastKnownFileType</key>
			<string>sourcecode.swift</string>
			<key>path</key>
			<string>apps/ios/TouchSurface.swift</string>
			<key>sourceTree</key>
			<string>&lt;group&gt;</string>
		</dict>
		<key>B97B20BC43FC02FED84B214A</key>
		<dict>
			<key>isa</key>
			<string>PBXBuildFile</string>
			<key>fileRef</key>
			<string>31433DA3FD9C109FC8C2E61F</string>
		</dict>
		<key>5F3B2FBF5FC93118BC984B5A</key>
		<dict>
			<key>isa</key>
			<string>PBXFileReference</string>
			<key>lastKnownFileType</key>
			<string>sourcecode.swift</string>
			<key>path</key>
			<string>apps/ios/TrackpadMobileApp.swift</string>
			<key>sourceTree</key>
			<string>&lt;group&gt;</string>
		</dict>
		<key>465DD2CAEA9A4DD9BD30D957</key>
		<dict>
			<key>isa</key>
			<string>PBXBuildFile</string>
			<key>fileRef</key>
			<string>5F3B2FBF5FC93118BC984B5A</string>
		</dict>
		<key>C6A503B498AB82B0F743D9A4</key>
		<dict>
			<key>isa</key>
			<string>PBXFileReference</string>
			<key>lastKnownFileType</key>
			<string>sourcecode.swift</string>
			<key>path</key>
			<string>apps/shared/Channel.swift</string>
			<key>sourceTree</key>
			<string>&lt;group&gt;</string>
		</dict>
		<key>955B7A58FBF7D0E1A9376389</key>
		<dict>
			<key>isa</key>
			<string>PBXBuildFile</string>
			<key>fileRef</key>
			<string>C6A503B498AB82B0F743D9A4</string>
		</dict>
		<key>A9AEEB33725CD7EEAC71416A</key>
		<dict>
			<key>isa</key>
			<string>PBXFileReference</string>
			<key>lastKnownFileType</key>
			<string>sourcecode.swift</string>
			<key>path</key>
			<string>apps/shared/PairingVault.swift</string>
			<key>sourceTree</key>
			<string>&lt;group&gt;</string>
		</dict>
		<key>9A988575C717546DC3A34D10</key>
		<dict>
			<key>isa</key>
			<string>PBXBuildFile</string>
			<key>fileRef</key>
			<string>A9AEEB33725CD7EEAC71416A</string>
		</dict>
		<key>3423F0698D9DE0449343BB59</key>
		<dict>
			<key>isa</key>
			<string>PBXGroup</string>
			<key>name</key>
			<string>TrackpadMobile</string>
			<key>children</key>
			<array>
				<string>C059CA6C5FA0B80CF027FC0E</string>
				<string>31433DA3FD9C109FC8C2E61F</string>
				<string>5F3B2FBF5FC93118BC984B5A</string>
				<string>C6A503B498AB82B0F743D9A4</string>
				<string>A9AEEB33725CD7EEAC71416A</string>
			</array>
			<key>sourceTree</key>
			<string>&lt;group&gt;</string>
		</dict>
		<key>B613F6896734D27DE03EDF95</key>
		<dict>
			<key>isa</key>
			<string>PBXFileReference</string>
			<key>explicitFileType</key>
			<string>wrapper.application</string>
			<key>path</key>
			<string>TrackpadMobile.app</string>
			<key>sourceTree</key>
			<string>BUILT_PRODUCTS_DIR</string>
			<key>includeInIndex</key>
			<string>0</string>
		</dict>
		<key>801023442F83478093DCE72E</key>
		<dict>
			<key>isa</key>
			<string>XCSwiftPackageProductDependency</string>
			<key>package</key>
			<string>085827B649F7606E862BCEEB</string>
			<key>productName</key>
			<string>TrackpadCore</string>
		</dict>
		<key>1936253D03172A583551192E</key>
		<dict>
			<key>isa</key>
			<string>PBXBuildFile</string>
			<key>productRef</key>
			<string>801023442F83478093DCE72E</string>
		</dict>
		<key>A241798F8C0A24449786A6E2</key>
		<dict>
			<key>isa</key>
			<string>PBXSourcesBuildPhase</string>
			<key>buildActionMask</key>
			<string>2147483647</string>
			<key>files</key>
			<array>
				<string>091828F97572B635A596A83A</string>
				<string>B97B20BC43FC02FED84B214A</string>
				<string>465DD2CAEA9A4DD9BD30D957</string>
				<string>955B7A58FBF7D0E1A9376389</string>
				<string>9A988575C717546DC3A34D10</string>
			</array>
			<key>runOnlyForDeploymentPostprocessing</key>
			<string>0</string>
		</dict>
		<key>3793C46251EC1CB3F5966A7E</key>
		<dict>
			<key>isa</key>
			<string>PBXFrameworksBuildPhase</string>
			<key>buildActionMask</key>
			<string>2147483647</string>
			<key>files</key>
			<array>
				<string>1936253D03172A583551192E</string>
			</array>
			<key>runOnlyForDeploymentPostprocessing</key>
			<string>0</string>
		</dict>
		<key>BCBEB55CA830030BD8491D17</key>
		<dict>
			<key>isa</key>
			<string>PBXResourcesBuildPhase</string>
			<key>buildActionMask</key>
			<string>2147483647</string>
			<key>files</key>
			<array/>
			<key>runOnlyForDeploymentPostprocessing</key>
			<string>0</string>
		</dict>
		<key>A250D4FE0C396BAA17DCAFEA</key>
		<dict>
			<key>isa</key>
			<string>XCBuildConfiguration</string>
			<key>name</key>
			<string>Debug</string>
			<key>buildSettings</key>
			<dict>
				<key>PRODUCT_BUNDLE_IDENTIFIER</key>
				<string>com.veezee.trackpad</string>
				<key>PRODUCT_NAME</key>
				<string>$(TARGET_NAME)</string>
				<key>INFOPLIST_FILE</key>
				<string>apps/ios/Info.plist</string>
				<key>CURRENT_PROJECT_VERSION</key>
				<string>1</string>
				<key>MARKETING_VERSION</key>
				<string>0.1.0</string>
				<key>GENERATE_INFOPLIST_FILE</key>
				<string>NO</string>
				<key>LD_RUNPATH_SEARCH_PATHS</key>
				<array>
					<string>$(inherited)</string>
					<string>@executable_path/Frameworks</string>
				</array>
				<key>SDKROOT</key>
				<string>iphoneos</string>
				<key>SUPPORTED_PLATFORMS</key>
				<string>iphoneos iphonesimulator</string>
				<key>TARGETED_DEVICE_FAMILY</key>
				<string>1,2</string>
				<key>IPHONEOS_DEPLOYMENT_TARGET</key>
				<string>18.0</string>
				<key>SUPPORTS_MACCATALYST</key>
				<string>NO</string>
				<key>SUPPORTS_MAC_DESIGNED_FOR_IPHONE_IPAD</key>
				<string>NO</string>
				<key>SWIFT_OPTIMIZATION_LEVEL</key>
				<string>-Onone</string>
				<key>DEBUG_INFORMATION_FORMAT</key>
				<string>dwarf</string>
				<key>ONLY_ACTIVE_ARCH</key>
				<string>YES</string>
				<key>SWIFT_ACTIVE_COMPILATION_CONDITIONS</key>
				<string>DEBUG $(inherited)</string>
			</dict>
		</dict>
		<key>8399471DB6BD4DD0B93F1784</key>
		<dict>
			<key>isa</key>
			<string>XCBuildConfiguration</string>
			<key>name</key>
			<string>Release</string>
			<key>buildSettings</key>
			<dict>
				<key>PRODUCT_BUNDLE_IDENTIFIER</key>
				<string>com.veezee.trackpad</string>
				<key>PRODUCT_NAME</key>
				<string>$(TARGET_NAME)</string>
				<key>INFOPLIST_FILE</key>
				<string>apps/ios/Info.plist</string>
				<key>CURRENT_PROJECT_VERSION</key>
				<string>1</string>
				<key>MARKETING_VERSION</key>
				<string>0.1.0</string>
				<key>GENERATE_INFOPLIST_FILE</key>
				<string>NO</string>
				<key>LD_RUNPATH_SEARCH_PATHS</key>
				<array>
					<string>$(inherited)</string>
					<string>@executable_path/Frameworks</string>
				</array>
				<key>SDKROOT</key>
				<string>iphoneos</string>
				<key>SUPPORTED_PLATFORMS</key>
				<string>iphoneos iphonesimulator</string>
				<key>TARGETED_DEVICE_FAMILY</key>
				<string>1,2</string>
				<key>IPHONEOS_DEPLOYMENT_TARGET</key>
				<string>18.0</string>
				<key>SUPPORTS_MACCATALYST</key>
				<string>NO</string>
				<key>SUPPORTS_MAC_DESIGNED_FOR_IPHONE_IPAD</key>
				<string>NO</string>
				<key>SWIFT_OPTIMIZATION_LEVEL</key>
				<string>-O</string>
				<key>DEBUG_INFORMATION_FORMAT</key>
				<string>dwarf-with-dsym</string>
			</dict>
		</dict>
		<key>DE226931941A50C7952B3D87</key>
		<dict>
			<key>isa</key>
			<string>XCConfigurationList</string>
			<key>buildConfigurations</key>
			<array>
				<string>A250D4FE0C396BAA17DCAFEA</string>
				<string>8399471DB6BD4DD0B93F1784</string>
			</array>
			<key>defaultConfigurationIsVisible</key>
			<string>0</string>
			<key>defaultConfigurationName</key>
			<string>Release</string>
		</dict>
		<key>9A6309080B70998595718ACE</key>
		<dict>
			<key>isa</key>
			<string>PBXNativeTarget</string>
			<key>name</key>
			<string>TrackpadMobile</string>
			<key>productName</key>
			<string>TrackpadMobile</string>
			<key>productReference</key>
			<string>B613F6896734D27DE03EDF95</string>
			<key>productType</key>
			<string>com.apple.product-type.application</string>
			<key>buildConfigurationList</key>
			<string>DE226931941A50C7952B3D87</string>
			<key>buildPhases</key>
			<array>
				<string>A241798F8C0A24449786A6E2</string>
				<string>3793C46251EC1CB3F5966A7E</string>
				<string>BCBEB55CA830030BD8491D17</string>
			</array>
			<key>buildRules</key>
			<array/>
			<key>dependencies</key>
			<array/>
			<key>packageProductDependencies</key>
			<array>
				<string>801023442F83478093DCE72E</string>
			</array>
		</dict>
		<key>427216C652B8F885503ED2EB</key>
		<dict>
			<key>isa</key>
			<string>PBXFileReference</string>
			<key>lastKnownFileType</key>
			<string>sourcecode.swift</string>
			<key>path</key>
			<string>apps/macos/MacInputPoster.swift</string>
			<key>sourceTree</key>
			<string>&lt;group&gt;</string>
		</dict>
		<key>A0FC693D3BE3EE2003E2451C</key>
		<dict>
			<key>isa</key>
			<string>PBXBuildFile</string>
			<key>fileRef</key>
			<string>427216C652B8F885503ED2EB</string>
		</dict>
		<key>B4AB1C23CDD1741CFE8B52FB</key>
		<dict>
			<key>isa</key>
			<string>PBXFileReference</string>
			<key>lastKnownFileType</key>
			<string>sourcecode.swift</string>
			<key>path</key>
			<string>apps/macos/MacModel.swift</string>
			<key>sourceTree</key>
			<string>&lt;group&gt;</string>
		</dict>
		<key>8096B3C052B3BD4018FED8E1</key>
		<dict>
			<key>isa</key>
			<string>PBXBuildFile</string>
			<key>fileRef</key>
			<string>B4AB1C23CDD1741CFE8B52FB</string>
		</dict>
		<key>92A36460C0350EB177B33BA6</key>
		<dict>
			<key>isa</key>
			<string>PBXFileReference</string>
			<key>lastKnownFileType</key>
			<string>sourcecode.swift</string>
			<key>path</key>
			<string>apps/macos/MotionTestView.swift</string>
			<key>sourceTree</key>
			<string>&lt;group&gt;</string>
		</dict>
		<key>3553C8F40DECCE10D17090EC</key>
		<dict>
			<key>isa</key>
			<string>PBXBuildFile</string>
			<key>fileRef</key>
			<string>92A36460C0350EB177B33BA6</string>
		</dict>
		<key>D4F7ACDEE1CCCB25AF1D1073</key>
		<dict>
			<key>isa</key>
			<string>PBXFileReference</string>
			<key>lastKnownFileType</key>
			<string>sourcecode.swift</string>
			<key>path</key>
			<string>apps/macos/TrackpadMacApp.swift</string>
			<key>sourceTree</key>
			<string>&lt;group&gt;</string>
		</dict>
		<key>F97A58779CFF63CB718D73A7</key>
		<dict>
			<key>isa</key>
			<string>PBXBuildFile</string>
			<key>fileRef</key>
			<string>D4F7ACDEE1CCCB25AF1D1073</string>
		</dict>
		<key>28911136D60AD889335C0EBF</key>
		<dict>
			<key>isa</key>
			<string>PBXFileReference</string>
			<key>lastKnownFileType</key>
			<string>sourcecode.swift</string>
			<key>path</key>
			<string>apps/macos/USBTransport.swift</string>
			<key>sourceTree</key>
			<string>&lt;group&gt;</string>
		</dict>
		<key>E14FC31EDBD4F9373A09DDCB</key>
		<dict>
			<key>isa</key>
			<string>PBXBuildFile</string>
			<key>fileRef</key>
			<string>28911136D60AD889335C0EBF</string>
		</dict>
		<key>DE3037B9180AAC3863A563D5</key>
		<dict>
			<key>isa</key>
			<string>PBXFileReference</string>
			<key>lastKnownFileType</key>
			<string>sourcecode.swift</string>
			<key>path</key>
			<string>apps/shared/Channel.swift</string>
			<key>sourceTree</key>
			<string>&lt;group&gt;</string>
		</dict>
		<key>AA6608098550DE8B1E7C325C</key>
		<dict>
			<key>isa</key>
			<string>PBXBuildFile</string>
			<key>fileRef</key>
			<string>DE3037B9180AAC3863A563D5</string>
		</dict>
		<key>C440C67DF660FD6E8E5D813B</key>
		<dict>
			<key>isa</key>
			<string>PBXFileReference</string>
			<key>lastKnownFileType</key>
			<string>sourcecode.swift</string>
			<key>path</key>
			<string>apps/shared/PairingVault.swift</string>
			<key>sourceTree</key>
			<string>&lt;group&gt;</string>
		</dict>
		<key>F60CAA33A89E90E978EA05B5</key>
		<dict>
			<key>isa</key>
			<string>PBXBuildFile</string>
			<key>fileRef</key>
			<string>C440C67DF660FD6E8E5D813B</string>
		</dict>
		<key>7584A9B6DFD7ACA5E1C13BB7</key>
		<dict>
			<key>isa</key>
			<string>PBXGroup</string>
			<key>name</key>
			<string>TrackpadMac</string>
			<key>children</key>
			<array>
				<string>427216C652B8F885503ED2EB</string>
				<string>B4AB1C23CDD1741CFE8B52FB</string>
				<string>92A36460C0350EB177B33BA6</string>
				<string>D4F7ACDEE1CCCB25AF1D1073</string>
				<string>28911136D60AD889335C0EBF</string>
				<string>DE3037B9180AAC3863A563D5</string>
				<string>C440C67DF660FD6E8E5D813B</string>
			</array>
			<key>sourceTree</key>
			<string>&lt;group&gt;</string>
		</dict>
		<key>7C302DF6E8B8EE365715FA28</key>
		<dict>
			<key>isa</key>
			<string>PBXFileReference</string>
			<key>explicitFileType</key>
			<string>wrapper.application</string>
			<key>path</key>
			<string>TrackpadMac.app</string>
			<key>sourceTree</key>
			<string>BUILT_PRODUCTS_DIR</string>
			<key>includeInIndex</key>
			<string>0</string>
		</dict>
		<key>62C50D6A4B47AA7C21A1F3C7</key>
		<dict>
			<key>isa</key>
			<string>XCSwiftPackageProductDependency</string>
			<key>package</key>
			<string>085827B649F7606E862BCEEB</string>
			<key>productName</key>
			<string>TrackpadCore</string>
		</dict>
		<key>348ADBAA1DFD020A292B0AC1</key>
		<dict>
			<key>isa</key>
			<string>PBXBuildFile</string>
			<key>productRef</key>
			<string>62C50D6A4B47AA7C21A1F3C7</string>
		</dict>
		<key>B1EFE42F3D1DD66705B1F35C</key>
		<dict>
			<key>isa</key>
			<string>PBXSourcesBuildPhase</string>
			<key>buildActionMask</key>
			<string>2147483647</string>
			<key>files</key>
			<array>
				<string>A0FC693D3BE3EE2003E2451C</string>
				<string>8096B3C052B3BD4018FED8E1</string>
				<string>3553C8F40DECCE10D17090EC</string>
				<string>F97A58779CFF63CB718D73A7</string>
				<string>E14FC31EDBD4F9373A09DDCB</string>
				<string>AA6608098550DE8B1E7C325C</string>
				<string>F60CAA33A89E90E978EA05B5</string>
			</array>
			<key>runOnlyForDeploymentPostprocessing</key>
			<string>0</string>
		</dict>
		<key>23F03FB446E3A8C675472CB5</key>
		<dict>
			<key>isa</key>
			<string>PBXFrameworksBuildPhase</string>
			<key>buildActionMask</key>
			<string>2147483647</string>
			<key>files</key>
			<array>
				<string>348ADBAA1DFD020A292B0AC1</string>
			</array>
			<key>runOnlyForDeploymentPostprocessing</key>
			<string>0</string>
		</dict>
		<key>A7BAD3A265120620BCF0B94C</key>
		<dict>
			<key>isa</key>
			<string>PBXResourcesBuildPhase</string>
			<key>buildActionMask</key>
			<string>2147483647</string>
			<key>files</key>
			<array/>
			<key>runOnlyForDeploymentPostprocessing</key>
			<string>0</string>
		</dict>
		<key>19428E7FB7D5562E9D47ED6E</key>
		<dict>
			<key>isa</key>
			<string>XCBuildConfiguration</string>
			<key>name</key>
			<string>Debug</string>
			<key>buildSettings</key>
			<dict>
				<key>PRODUCT_BUNDLE_IDENTIFIER</key>
				<string>com.veezee.trackpad.mac</string>
				<key>PRODUCT_NAME</key>
				<string>$(TARGET_NAME)</string>
				<key>INFOPLIST_FILE</key>
				<string>apps/macos/Info.plist</string>
				<key>CURRENT_PROJECT_VERSION</key>
				<string>1</string>
				<key>MARKETING_VERSION</key>
				<string>0.1.0</string>
				<key>GENERATE_INFOPLIST_FILE</key>
				<string>NO</string>
				<key>LD_RUNPATH_SEARCH_PATHS</key>
				<array>
					<string>$(inherited)</string>
					<string>@executable_path/../Frameworks</string>
				</array>
				<key>SDKROOT</key>
				<string>macosx</string>
				<key>MACOSX_DEPLOYMENT_TARGET</key>
				<string>15.0</string>
				<key>ENABLE_APP_SANDBOX</key>
				<string>NO</string>
				<key>ENABLE_HARDENED_RUNTIME</key>
				<string>YES</string>
				<key>SWIFT_OPTIMIZATION_LEVEL</key>
				<string>-Onone</string>
				<key>DEBUG_INFORMATION_FORMAT</key>
				<string>dwarf</string>
				<key>ONLY_ACTIVE_ARCH</key>
				<string>YES</string>
				<key>SWIFT_ACTIVE_COMPILATION_CONDITIONS</key>
				<string>DEBUG $(inherited)</string>
			</dict>
		</dict>
		<key>4DDC4C655C848EDC9FBE0829</key>
		<dict>
			<key>isa</key>
			<string>XCBuildConfiguration</string>
			<key>name</key>
			<string>Release</string>
			<key>buildSettings</key>
			<dict>
				<key>PRODUCT_BUNDLE_IDENTIFIER</key>
				<string>com.veezee.trackpad.mac</string>
				<key>PRODUCT_NAME</key>
				<string>$(TARGET_NAME)</string>
				<key>INFOPLIST_FILE</key>
				<string>apps/macos/Info.plist</string>
				<key>CURRENT_PROJECT_VERSION</key>
				<string>1</string>
				<key>MARKETING_VERSION</key>
				<string>0.1.0</string>
				<key>GENERATE_INFOPLIST_FILE</key>
				<string>NO</string>
				<key>LD_RUNPATH_SEARCH_PATHS</key>
				<array>
					<string>$(inherited)</string>
					<string>@executable_path/../Frameworks</string>
				</array>
				<key>SDKROOT</key>
				<string>macosx</string>
				<key>MACOSX_DEPLOYMENT_TARGET</key>
				<string>15.0</string>
				<key>ENABLE_APP_SANDBOX</key>
				<string>NO</string>
				<key>ENABLE_HARDENED_RUNTIME</key>
				<string>YES</string>
				<key>SWIFT_OPTIMIZATION_LEVEL</key>
				<string>-O</string>
				<key>DEBUG_INFORMATION_FORMAT</key>
				<string>dwarf-with-dsym</string>
			</dict>
		</dict>
		<key>C4609AE458EF702BA7897EC3</key>
		<dict>
			<key>isa</key>
			<string>XCConfigurationList</string>
			<key>buildConfigurations</key>
			<array>
				<string>19428E7FB7D5562E9D47ED6E</string>
				<string>4DDC4C655C848EDC9FBE0829</string>
			</array>
			<key>defaultConfigurationIsVisible</key>
			<string>0</string>
			<key>defaultConfigurationName</key>
			<string>Release</string>
		</dict>
		<key>0080A88CD3792202D714BFA7</key>
		<dict>
			<key>isa</key>
			<string>PBXNativeTarget</string>
			<key>name</key>
			<string>TrackpadMac</string>
			<key>productName</key>
			<string>TrackpadMac</string>
			<key>productReference</key>
			<string>7C302DF6E8B8EE365715FA28</string>
			<key>productType</key>
			<string>com.apple.product-type.application</string>
			<key>buildConfigurationList</key>
			<string>C4609AE458EF702BA7897EC3</string>
			<key>buildPhases</key>
			<array>
				<string>B1EFE42F3D1DD66705B1F35C</string>
				<string>23F03FB446E3A8C675472CB5</string>
				<string>A7BAD3A265120620BCF0B94C</string>
			</array>
			<key>buildRules</key>
			<array/>
			<key>dependencies</key>
			<array/>
			<key>packageProductDependencies</key>
			<array>
				<string>62C50D6A4B47AA7C21A1F3C7</string>
			</array>
		</dict>
		<key>0A3E27B8CA818264D75C8D81</key>
		<dict>
			<key>isa</key>
			<string>PBXGroup</string>
			<key>name</key>
			<string>Products</string>
			<key>children</key>
			<array>
				<string>B613F6896734D27DE03EDF95</string>
				<string>7C302DF6E8B8EE365715FA28</string>
			</array>
			<key>sourceTree</key>
			<string>&lt;group&gt;</string>
		</dict>
		<key>0D6E4079E36703EBD37C0072</key>
		<dict>
			<key>isa</key>
			<string>PBXGroup</string>
			<key>children</key>
			<array>
				<string>3423F0698D9DE0449343BB59</string>
				<string>7584A9B6DFD7ACA5E1C13BB7</string>
				<string>0A3E27B8CA818264D75C8D81</string>
			</array>
			<key>sourceTree</key>
			<string>&lt;group&gt;</string>
		</dict>
		<key>73EBF6644258C120893E685D</key>
		<dict>
			<key>isa</key>
			<string>XCBuildConfiguration</string>
			<key>name</key>
			<string>Debug</string>
			<key>buildSettings</key>
			<dict>
				<key>SWIFT_VERSION</key>
				<string>6.0</string>
				<key>CLANG_ENABLE_MODULES</key>
				<string>YES</string>
				<key>SWIFT_STRICT_CONCURRENCY</key>
				<string>complete</string>
				<key>CODE_SIGN_STYLE</key>
				<string>Automatic</string>
				<key>ENABLE_USER_SCRIPT_SANDBOXING</key>
				<string>YES</string>
				<key>GCC_WARN_UNUSED_VARIABLE</key>
				<string>YES</string>
				<key>CLANG_WARN_DOCUMENTATION_COMMENTS</key>
				<string>YES</string>
				<key>SWIFT_OPTIMIZATION_LEVEL</key>
				<string>-Onone</string>
				<key>DEBUG_INFORMATION_FORMAT</key>
				<string>dwarf</string>
				<key>ONLY_ACTIVE_ARCH</key>
				<string>YES</string>
				<key>SWIFT_ACTIVE_COMPILATION_CONDITIONS</key>
				<string>DEBUG $(inherited)</string>
			</dict>
		</dict>
		<key>0B0C687DF8B6B8DC790B519C</key>
		<dict>
			<key>isa</key>
			<string>XCBuildConfiguration</string>
			<key>name</key>
			<string>Release</string>
			<key>buildSettings</key>
			<dict>
				<key>SWIFT_VERSION</key>
				<string>6.0</string>
				<key>CLANG_ENABLE_MODULES</key>
				<string>YES</string>
				<key>SWIFT_STRICT_CONCURRENCY</key>
				<string>complete</string>
				<key>CODE_SIGN_STYLE</key>
				<string>Automatic</string>
				<key>ENABLE_USER_SCRIPT_SANDBOXING</key>
				<string>YES</string>
				<key>GCC_WARN_UNUSED_VARIABLE</key>
				<string>YES</string>
				<key>CLANG_WARN_DOCUMENTATION_COMMENTS</key>
				<string>YES</string>
				<key>SWIFT_OPTIMIZATION_LEVEL</key>
				<string>-O</string>
				<key>DEBUG_INFORMATION_FORMAT</key>
				<string>dwarf-with-dsym</string>
			</dict>
		</dict>
		<key>76F8DEC3DFE0BDB465198890</key>
		<dict>
			<key>isa</key>
			<string>XCConfigurationList</string>
			<key>buildConfigurations</key>
			<array>
				<string>73EBF6644258C120893E685D</string>
				<string>0B0C687DF8B6B8DC790B519C</string>
			</array>
			<key>defaultConfigurationIsVisible</key>
			<string>0</string>
			<key>defaultConfigurationName</key>
			<string>Release</string>
		</dict>
		<key>244210E48437B6556980A702</key>
		<dict>
			<key>isa</key>
			<string>PBXProject</string>
			<key>attributes</key>
			<dict>
				<key>LastUpgradeCheck</key>
				<string>2600</string>
				<key>BuildIndependentTargetsInParallel</key>
				<string>YES</string>
			</dict>
			<key>buildConfigurationList</key>
			<string>76F8DEC3DFE0BDB465198890</string>
			<key>compatibilityVersion</key>
			<string>Xcode 14.0</string>
			<key>developmentRegion</key>
			<string>en</string>
			<key>hasScannedForEncodings</key>
			<string>0</string>
			<key>knownRegions</key>
			<array>
				<string>en</string>
				<string>Base</string>
			</array>
			<key>mainGroup</key>
			<string>0D6E4079E36703EBD37C0072</string>
			<key>productRefGroup</key>
			<string>0A3E27B8CA818264D75C8D81</string>
			<key>projectDirPath</key>
			<string></string>
			<key>projectRoot</key>
			<string></string>
			<key>targets</key>
			<array>
				<string>9A6309080B70998595718ACE</string>
				<string>0080A88CD3792202D714BFA7</string>
			</array>
			<key>packageReferences</key>
			<array>
				<string>085827B649F7606E862BCEEB</string>
			</array>
		</dict>
	</dict>
	<key>rootObject</key>
	<string>244210E48437B6556980A702</string>
</dict>
</plist>
