{
  "version": "5",
  "specifiers": {
    "npm:@earendil-works/pi-tui@*": "0.74.0",
    "npm:@earendil-works/pi-tui@0.74.0": "0.74.0",
    "npm:ai@6.0.177": "6.0.177_zod@4.4.3",
    "npm:cli-highlight@2.1.11": "2.1.11"
  },
  "npm": {
    "@ai-sdk/gateway@3.0.112_zod@4.4.3": {
      "integrity": "sha512-jiBao9pR4owWyjo0BnuNc7WSQBGOD0thysE4AFgZXaG+zMFbISQXUkJr7ePw/phBvePy7jE5FSA2Lf7lwqUiiQ==",
      "dependencies": [
        "@ai-sdk/provider",
        "@ai-sdk/provider-utils",
        "@vercel/oidc",
        "zod"
      ]
    },
    "@ai-sdk/provider-utils@4.0.27_zod@4.4.3": {
      "integrity": "sha512-ubkAJ+xODouwtmN1tYlvTPphH1hPOBfZaEQe8U7skGvFAnIRs9PPpsq57bC2+Ky/MB4yzhd6YOsxTAx9sGpazw==",
      "dependencies": [
        "@ai-sdk/provider",
        "@standard-schema/spec",
        "eventsource-parser",
        "zod"
      ]
    },
    "@ai-sdk/provider@3.0.10": {
      "integrity": "sha512-Q3BZ27qfpYqnCYGvE3vt+Qi6LGOF9R5Nmzn+9JoM1lCRsD9mYaIhfJLkSunN48nfGXJ6n+XNV0J/XVpqGQl7Dw==",
      "dependencies": [
        "json-schema"
      ]
    },
    "@earendil-works/pi-tui@0.74.0": {
      "integrity": "sha512-1aIfXZp7D/z+1VlZX8BZcs6pgO8rjmil7kwyhctNDsWvce3Yfl8GVgu4eq+I0Mjhr8Cj+ipBiv9CLIzdoyCOIQ==",
      "dependencies": [
        "@types/mime-types",
        "chalk@5.6.2",
        "get-east-asian-width",
        "marked",
        "mime-types"
      ],
      "optionalDependencies": [
        "koffi"
      ]
    },
    "@opentelemetry/api@1.9.0": {
      "integrity": "sha512-3giAOQvZiH5F9bMlMiv8+GSPMeqg0dbaeo58/0SlA9sxSqZhnUtxzX9/2FzyhS9sWQf5S0GJE0AKBrFqjpeYcg=="
    },
    "@standard-schema/spec@1.1.0": {
      "integrity": "sha512-l2aFy5jALhniG5HgqrD6jXLi/rUWrKvqN/qJx6yoJsgKhblVd+iqqU4RCXavm/jPityDo5TCvKMnpjKnOriy0w=="
    },
    "@types/mime-types@2.1.4": {
      "integrity": "sha512-lfU4b34HOri+kAY5UheuFMWPDOI+OPceBSHZKp69gEyTL/mmJ4cnU6Y/rlme3UL3GyOn6Y42hyIEw0/q8sWx5w=="
    },
    "@vercel/oidc@3.2.0": {
      "integrity": "sha512-UycprH3T6n3jH0k44NHMa7pnFHGu/N05MjojYr+Mc6I7obkoLIJujSWwin1pCvdy/eOxrI/l3uDLQsmcrOb4ug=="
    },
    "ai@6.0.177_zod@4.4.3": {
      "integrity": "sha512-1xQtbeWwNcLyyM86ixZhkKvT+WRXc1lvarIKqPVtsyn8F9NDikwUMBqYu+aQKDgMht50SMXh4qboYuU8MeHZZA==",
      "dependencies": [
        "@ai-sdk/gateway",
        "@ai-sdk/provider",
        "@ai-sdk/provider-utils",
        "@opentelemetry/api",
        "zod"
      ]
    },
    "ansi-regex@5.0.1": {
      "integrity": "sha512-quJQXlTSUGL2LH9SUXo8VwsY4soanhgo6LNSm84E1LBcE8s3O0wpdiRzyR9z/ZZJMlMWv37qOOb9pdJlMUEKFQ=="
    },
    "ansi-styles@4.3.0": {
      "integrity": "sha512-zbB9rCJAT1rbjiVDb2hqKFHNYLxgtk8NURxZ3IZwD3F6NtxbXZQCnnSi1Lkx+IDohdPlFp222wVALIheZJQSEg==",
      "dependencies": [
        "color-convert"
      ]
    },
    "any-promise@1.3.0": {
      "integrity": "sha512-7UvmKalWRt1wgjL1RrGxoSJW/0QZFIegpeGvZG9kjp8vrRu55XTHbwnqq2GpXm9uLbcuhxm3IqX9OB4MZR1b2A=="
    },
    "chalk@4.1.2": {
      "integrity": "sha512-oKnbhFyRIXpUuez8iBMmyEa4nbj4IOQyuhc/wy9kY7/WVPcwIO9VA668Pu8RkO7+0G76SLROeyw9CpQ061i4mA==",
      "dependencies": [
        "ansi-styles",
        "supports-color"
      ]
    },
    "chalk@5.6.2": {
      "integrity": "sha512-7NzBL0rN6fMUW+f7A6Io4h40qQlG+xGmtMxfbnH/K7TAtt8JQWVQK+6g0UXKMeVJoyV5EkkNsErQ8pVD3bLHbA=="
    },
    "cli-highlight@2.1.11": {
      "integrity": "sha512-9KDcoEVwyUXrjcJNvHD0NFc/hiwe/WPVYIleQh2O1N2Zro5gWJZ/K+3DGn8w8P/F6FxOgzyC5bxDyHIgCSPhGg==",
      "dependencies": [
        "chalk@4.1.2",
        "highlight.js",
        "mz",
        "parse5@5.1.1",
        "parse5-htmlparser2-tree-adapter",
        "yargs"
      ],
      "bin": true
    },
    "cliui@7.0.4": {
      "integrity": "sha512-OcRE68cOsVMXp1Yvonl/fzkQOyjLSu/8bhPDfQt0e0/Eb283TKP20Fs2MqoPsr9SwA595rRCA+QMzYc9nBP+JQ==",
      "dependencies": [
        "string-width",
        "strip-ansi",
        "wrap-ansi"
      ]
    },
    "color-convert@2.0.1": {
      "integrity": "sha512-RRECPsj7iu/xb5oKYcsFHSppFNnsj/52OVTRKb4zP5onXwVF3zVmmToNcOfGC+CRDpfK/U584fMg38ZHCaElKQ==",
      "dependencies": [
        "color-name"
      ]
    },
    "color-name@1.1.4": {
      "integrity": "sha512-dOy+3AuW3a2wNbZHIuMZpTcgjGuLU/uBL/ubcZF9OXbDo8ff4O8yVp5Bf0efS8uEoYo5q4Fx7dY9OgQGXgAsQA=="
    },
    "emoji-regex@8.0.0": {
      "integrity": "sha512-MSjYzcWNOA0ewAHpz0MxpYFvwg6yjy1NG3xteoqz644VCo/RPgnr1/GGt+ic3iJTzQ8Eu3TdM14SawnVUmGE6A=="
    },
    "escalade@3.2.0": {
      "integrity": "sha512-WUj2qlxaQtO4g6Pq5c29GTcWGDyd8itL8zTlipgECz3JesAiiOKotd8JU6otB3PACgG6xkJUyVhboMS+bje/jA=="
    },
    "eventsource-parser@3.0.8": {
      "integrity": "sha512-70QWGkr4snxr0OXLRWsFLeRBIRPuQOvt4s8QYjmUlmlkyTZkRqS7EDVRZtzU3TiyDbXSzaOeF0XUKy8PchzukQ=="
    },
    "get-caller-file@2.0.5": {
      "integrity": "sha512-DyFP3BM/3YHTQOCUL/w0OZHR0lpKeGrxotcHWcqNEdnltqFwXVfhEBQ94eIo34AfQpo0rGki4cyIiftY06h2Fg=="
    },
    "get-east-asian-width@1.6.0": {
      "integrity": "sha512-QRbvDIbx6YklUe6RxeTeleMR0yv3cYH6PsPZHcnVn7xv7zO1BHN8r0XETu8n6Ye3Q+ahtSarc3WgtNWmehIBfA=="
    },
    "has-flag@4.0.0": {
      "integrity": "sha512-EykJT/Q1KjTWctppgIAgfSO0tKVuZUjhgMr17kqTumMl6Afv3EISleU7qZUzoXDFTAHTDC4NOoG/ZxU3EvlMPQ=="
    },
    "highlight.js@10.7.3": {
      "integrity": "sha512-tzcUFauisWKNHaRkN4Wjl/ZA07gENAjFl3J/c480dprkGTg5EQstgaNFqBfUqCq54kZRIEcreTsAgF/m2quD7A=="
    },
    "is-fullwidth-code-point@3.0.0": {
      "integrity": "sha512-zymm5+u+sCsSWyD9qNaejV3DFvhCKclKdizYaJUuHA83RLjb7nSuGnddCHGv0hk+KY7BMAlsWeK4Ueg6EV6XQg=="
    },
    "json-schema@0.4.0": {
      "integrity": "sha512-es94M3nTIfsEPisRafak+HDLfHXnKBhV3vU5eqPcS3flIWqcxJWgXHXiey3YrpaNsanY5ei1VoYEbOzijuq9BA=="
    },
    "koffi@2.16.2": {
      "integrity": "sha512-owU0MRwv6xkrVqCd+33uw6BaYppkTRXbO/rVdJNI2dvZG0gzyRhYwW25eWtc5pauwK8TGh3AbkFONSezdykfSA==",
      "scripts": true
    },
    "marked@15.0.12": {
      "integrity": "sha512-8dD6FusOQSrpv9Z1rdNMdlSgQOIP880DHqnohobOmYLElGEqAL/JvxvuxZO16r4HtjTlfPRDC1hbvxC9dPN2nA==",
      "bin": true
    },
    "mime-db@1.54.0": {
      "integrity": "sha512-aU5EJuIN2WDemCcAp2vFBfp/m4EAhWJnUNSSw0ixs7/kXbd6Pg64EmwJkNdFhB8aWt1sH2CTXrLxo/iAGV3oPQ=="
    },
    "mime-types@3.0.2": {
      "integrity": "sha512-Lbgzdk0h4juoQ9fCKXW4by0UJqj+nOOrI9MJ1sSj4nI8aI2eo1qmvQEie4VD1glsS250n15LsWsYtCugiStS5A==",
      "dependencies": [
        "mime-db"
      ]
    },
    "mz@2.7.0": {
      "integrity": "sha512-z81GNO7nnYMEhrGh9LeymoE4+Yr0Wn5McHIZMK5cfQCl+NDX08sCZgUc9/6MHni9IWuFLm1Z3HTCXu2z9fN62Q==",
      "dependencies": [
        "any-promise",
        "object-assign",
        "thenify-all"
      ]
    },
    "object-assign@4.1.1": {
      "integrity": "sha512-rJgTQnkUnH1sFw8yT6VSU3zD3sWmu6sZhIseY8VX+GRu3P6F7Fu+JNDoXfklElbLJSnc3FUQHVe4cU5hj+BcUg=="
    },
    "parse5-htmlparser2-tree-adapter@6.0.1": {
      "integrity": "sha512-qPuWvbLgvDGilKc5BoicRovlT4MtYT6JfJyBOMDsKoiT+GiuP5qyrPCnR9HcPECIJJmZh5jRndyNThnhhb/vlA==",
      "dependencies": [
        "parse5@6.0.1"
      ]
    },
    "parse5@5.1.1": {
      "integrity": "sha512-ugq4DFI0Ptb+WWjAdOK16+u/nHfiIrcE+sh8kZMaM0WllQKLI9rOUq6c2b7cwPkXdzfQESqvoqK6ug7U/Yyzug=="
    },
    "parse5@6.0.1": {
      "integrity": "sha512-Ofn/CTFzRGTTxwpNEs9PP93gXShHcTq255nzRYSKe8AkVpZY7e1fpmTfOyoIvjP5HG7Z2ZM7VS9PPhQGW2pOpw=="
    },
    "require-directory@2.1.1": {
      "integrity": "sha512-fGxEI7+wsG9xrvdjsrlmL22OMTTiHRwAMroiEeMgq8gzoLC/PQr7RsRDSTLUg/bZAZtF+TVIkHc6/4RIKrui+Q=="
    },
    "string-width@4.2.3": {
      "integrity": "sha512-wKyQRQpjJ0sIp62ErSZdGsjMJWsap5oRNihHhu6G7JVO/9jIB6UyevL+tXuOqrng8j/cxKTWyWUwvSTriiZz/g==",
      "dependencies": [
        "emoji-regex",
        "is-fullwidth-code-point",
        "strip-ansi"
      ]
    },
    "strip-ansi@6.0.1": {
      "integrity": "sha512-Y38VPSHcqkFrCpFnQ9vuSXmquuv5oXOKpGeT6aGrr3o3Gc9AlVa6JBfUSOCnbxGGZF+/0ooI7KrPuUSztUdU5A==",
      "dependencies": [
        "ansi-regex"
      ]
    },
    "supports-color@7.2.0": {
      "integrity": "sha512-qpCAvRl9stuOHveKsn7HncJRvv501qIacKzQlO/+Lwxc9+0q2wLyv4Dfvt80/DPn2pqOBsJdDiogXGR9+OvwRw==",
      "dependencies": [
        "has-flag"
      ]
    },
    "thenify-all@1.6.0": {
      "integrity": "sha512-RNxQH/qI8/t3thXJDwcstUO4zeqo64+Uy/+sNVRBx4Xn2OX+OZ9oP+iJnNFqplFra2ZUVeKCSa2oVWi3T4uVmA==",
      "dependencies": [
        "thenify"
      ]
    },
    "thenify@3.3.1": {
      "integrity": "sha512-RVZSIV5IG10Hk3enotrhvz0T9em6cyHBLkH/YAZuKqd8hRkKhSfCGIcP2KUY0EPxndzANBmNllzWPwak+bheSw==",
      "dependencies": [
        "any-promise"
      ]
    },
    "wrap-ansi@7.0.0": {
      "integrity": "sha512-YVGIj2kamLSTxw6NsZjoBxfSwsn0ycdesmc4p+Q21c5zPuZ1pl+NfxVdxPtdHvmNVOQ6XSYG4AUtyt/Fi7D16Q==",
      "dependencies": [
        "ansi-styles",
        "string-width",
        "strip-ansi"
      ]
    },
    "y18n@5.0.8": {
      "integrity": "sha512-0pfFzegeDWJHJIAmTLRP2DwHjdF5s7jo9tuztdQxAhINCdvS+3nGINqPd00AphqJR/0LhANUS6/+7SCb98YOfA=="
    },
    "yargs-parser@20.2.9": {
      "integrity": "sha512-y11nGElTIV+CT3Zv9t7VKl+Q3hTQoT9a1Qzezhhl6Rp21gJ/IVTW7Z3y9EWXhuUBC2Shnf+DX0antecpAwSP8w=="
    },
    "yargs@16.2.0": {
      "integrity": "sha512-D1mvvtDG0L5ft/jGWkLpG1+m0eQxOfaBvTNELraWj22wSVUMWxZUvYgJYcKh6jGGIkJFhH4IZPQhR4TKpc8mBw==",
      "dependencies": [
        "cliui",
        "escalade",
        "get-caller-file",
        "require-directory",
        "string-width",
        "y18n",
        "yargs-parser"
      ]
    },
    "zod@4.4.3": {
      "integrity": "sha512-ytENFjIJFl2UwYglde2jchW2Hwm4GJFLDiSXWdTrJQBIN9Fcyp7n4DhxJEiWNAJMV1/BqWfW/kkg71UDcHJyTQ=="
    }
  },
  "workspace": {
    "dependencies": [
      "npm:@earendil-works/pi-tui@0.74.0",
      "npm:ai@6.0.177",
      "npm:cli-highlight@2.1.11"
    ]
  }
}
