{
  "lockfileVersion": 1,
  "configVersion": 0,
  "workspaces": {
    "": {
      "dependencies": {
        "chrome-devtools-mcp": "1.9.0",
      },
    },
  },
  "packages": {
    "chrome-devtools-mcp": ["chrome-devtools-mcp@1.9.0", "", { "peerDependencies": { "@blackwell-systems/gcf": "^2.2.2", "@toon-format/toon": "^4.1.0" }, "optionalPeers": ["@blackwell-systems/gcf", "@toon-format/toon"], "bin": { "chrome-devtools": "build/src/bin/chrome-devtools.js", "chrome-devtools-mcp": "build/src/bin/chrome-devtools-mcp.js" } }, "sha512-RnzXoJiUQ44hpOihWk90uOhLD/CnwDkDy0ldHMZONJ2nYQ+dWN1fq1luHHqyd+7FuYnyIlCY6uTThbN5ut9kSQ=="],
  }
}
